
Microsoft Visual Studio Solution File, Format Version 12.00
# Visual Studio Version 17
VisualStudioVersion = 17.0.31903.59
MinimumVisualStudioVersion = 10.0.40219.1
Project("{2150E333-8FDC-42A3-9474-1A3956D46DE8}") = "src", "src", "{827E0CD3-B72D-47B6-A68D-7590B98EB39B}"
EndProject
Project("{FAE04EC0-301F-11D3-BF4B-00C04F79EFBC}") = "SistemaDocente.Core", "src\SistemaDocente.Core\SistemaDocente.Core.csproj", "{893C3FC0-2EB6-45C8-9647-232FB4FB4E06}"
EndProject
Project("{FAE04EC0-301F-11D3-BF4B-00C04F79EFBC}") = "SistemaDocente.Data", "src\SistemaDocente.Data\SistemaDocente.Data.csproj", "{DCC16260-7209-4E6E-9817-2B0EE3235083}"
EndProject
Project("{FAE04EC0-301F-11D3-BF4B-00C04F79EFBC}") = "SistemaDocente.Reporting", "src\SistemaDocente.Reporting\SistemaDocente.Reporting.csproj", "{DAEFDC30-E5AE-4583-8523-E920F0066278}"
EndProject
Project("{FAE04EC0-301F-11D3-BF4B-00C04F79EFBC}") = "SistemaDocente.App.Wpf", "src\SistemaDocente.App.Wpf\SistemaDocente.App.Wpf.csproj", "{0F01C76F-33C8-4F56-BD1E-01419615BEA0}"
EndProject
Project("{2150E333-8FDC-42A3-9474-1A3956D46DE8}") = "tests", "tests", "{0AB3BF05-4346-4AA6-1389-037BE0695223}"
EndProject
Project("{FAE04EC0-301F-11D3-BF4B-00C04F79EFBC}") = "SistemaDocente.Core.Tests", "tests\SistemaDocente.Core.Tests\SistemaDocente.Core.Tests.csproj", "{BD501822-DB31-4CC3-9D8B-8AB3EB1569AD}"
EndProject
Project("{FAE04EC0-301F-11D3-BF4B-00C04F79EFBC}") = "SistemaDocente.Data.Tests", "tests\SistemaDocente.Data.Tests\SistemaDocente.Data.Tests.csproj", "{8802DC8E-3DE9-416F-AF26-A7C5AFAEB8F4}"
EndProject
Project("{FAE04EC0-301F-11D3-BF4B-00C04F79EFBC}") = "SistemaDocente.Application", "src\SistemaDocente.Application\SistemaDocente.Application.csproj", "{F987EC0E-B933-4233-BE10-84A983ACCBE0}"
EndProject
Project("{FAE04EC0-301F-11D3-BF4B-00C04F79EFBC}") = "SistemaDocente.Application.Tests", "tests\SistemaDocente.Application.Tests\SistemaDocente.Application.Tests.csproj", "{E6504761-6A80-4D75-A90D-6AA2EFA8073E}"
EndProject
Project("{FAE04EC0-301F-11D3-BF4B-00C04F79EFBC}") = "SistemaDocente.Presentation", "src\SistemaDocente.Presentation\SistemaDocente.Presentation.csproj", "{BC7DF8F5-417C-4610-B7EB-A4FB729C97DB}"
EndProject
Project("{FAE04EC0-301F-11D3-BF4B-00C04F79EFBC}") = "SistemaDocente.Presentation.Tests", "tests\SistemaDocente.Presentation.Tests\SistemaDocente.Presentation.Tests.csproj", "{84780EF0-DDF7-4A4C-9EF3-34180E2950A7}"
EndProject
Project("{FAE04EC0-301F-11D3-BF4B-00C04F79EFBC}") = "SistemaDocente.App.Wpf.Tests", "tests\SistemaDocente.App.Wpf.Tests\SistemaDocente.App.Wpf.Tests.csproj", "{760FFAF3-7D9A-4583-B14A-60688ADDB46A}"
EndProject
Project("{FAE04EC0-301F-11D3-BF4B-00C04F79EFBC}") = "SistemaDocente.Interchange", "src\SistemaDocente.Interchange\SistemaDocente.Interchange.csproj", "{7784E02C-C8C8-44C4-8917-B6F6AF14F445}"
EndProject
Global
	GlobalSection(SolutionConfigurationPlatforms) = preSolution
		Debug|Any CPU = Debug|Any CPU
		Debug|x64 = Debug|x64
		Debug|x86 = Debug|x86
		Release|Any CPU = Release|Any CPU
		Release|x64 = Release|x64
		Release|x86 = Release|x86
	EndGlobalSection
	GlobalSection(ProjectConfigurationPlatforms) = postSolution
		{893C3FC0-2EB6-45C8-9647-232FB4FB4E06}.Debug|Any CPU.ActiveCfg = Debug|Any CPU
		{893C3FC0-2EB6-45C8-9647-232FB4FB4E06}.Debug|Any CPU.Build.0 = Debug|Any CPU
		{893C3FC0-2EB6-45C8-9647-232FB4FB4E06}.Debug|x64.ActiveCfg = Debug|Any CPU
		{893C3FC0-2EB6-45C8-9647-232FB4FB4E06}.Debug|x64.Build.0 = Debug|Any CPU
		{893C3FC0-2EB6-45C8-9647-232FB4FB4E06}.Debug|x86.ActiveCfg = Debug|Any CPU
		{893C3FC0-2EB6-45C8-9647-232FB4FB4E06}.Debug|x86.Build.0 = Debug|Any CPU
		{893C3FC0-2EB6-45C8-9647-232FB4FB4E06}.Release|Any CPU.ActiveCfg = Release|Any CPU
		{893C3FC0-2EB6-45C8-9647-232FB4FB4E06}.Release|Any CPU.Build.0 = Release|Any CPU
		{893C3FC0-2EB6-45C8-9647-232FB4FB4E06}.Release|x64.ActiveCfg = Release|Any CPU
		{893C3FC0-2EB6-45C8-9647-232FB4FB4E06}.Release|x64.Build.0 = Release|Any CPU
		{893C3FC0-2EB6-45C8-9647-232FB4FB4E06}.Release|x86.ActiveCfg = Release|Any CPU
		{893C3FC0-2EB6-45C8-9647-232FB4FB4E06}.Release|x86.Build.0 = Release|Any CPU
		{DCC16260-7209-4E6E-9817-2B0EE3235083}.Debug|Any CPU.ActiveCfg = Debug|Any CPU
		{DCC16260-7209-4E6E-9817-2B0EE3235083}.Debug|Any CPU.Build.0 = Debug|Any CPU
		{DCC16260-7209-4E6E-9817-2B0EE3235083}.Debug|x64.ActiveCfg = Debug|Any CPU
		{DCC16260-7209-4E6E-9817-2B0EE3235083}.Debug|x64.Build.0 = Debug|Any CPU
		{DCC16260-7209-4E6E-9817-2B0EE3235083}.Debug|x86.ActiveCfg = Debug|Any CPU
		{DCC16260-7209-4E6E-9817-2B0EE3235083}.Debug|x86.Build.0 = Debug|Any CPU
		{DCC16260-7209-4E6E-9817-2B0EE3235083}.Release|Any CPU.ActiveCfg = Release|Any CPU
		{DCC16260-7209-4E6E-9817-2B0EE3235083}.Release|Any CPU.Build.0 = Release|Any CPU
		{DCC16260-7209-4E6E-9817-2B0EE3235083}.Release|x64.ActiveCfg = Release|Any CPU
		{DCC16260-7209-4E6E-9817-2B0EE3235083}.Release|x64.Build.0 = Release|Any CPU
		{DCC16260-7209-4E6E-9817-2B0EE3235083}.Release|x86.ActiveCfg = Release|Any CPU
		{DCC16260-7209-4E6E-9817-2B0EE3235083}.Release|x86.Build.0 = Release|Any CPU
		{DAEFDC30-E5AE-4583-8523-E920F0066278}.Debug|Any CPU.ActiveCfg = Debug|Any CPU
		{DAEFDC30-E5AE-4583-8523-E920F0066278}.Debug|Any CPU.Build.0 = Debug|Any CPU
		{DAEFDC30-E5AE-4583-8523-E920F0066278}.Debug|x64.ActiveCfg = Debug|Any CPU
		{DAEFDC30-E5AE-4583-8523-E920F0066278}.Debug|x64.Build.0 = Debug|Any CPU
		{DAEFDC30-E5AE-4583-8523-E920F0066278}.Debug|x86.ActiveCfg = Debug|Any CPU
		{DAEFDC30-E5AE-4583-8523-E920F0066278}.Debug|x86.Build.0 = Debug|Any CPU
		{DAEFDC30-E5AE-4583-8523-E920F0066278}.Release|Any CPU.ActiveCfg = Release|Any CPU
		{DAEFDC30-E5AE-4583-8523-E920F0066278}.Release|Any CPU.Build.0 = Release|Any CPU
		{DAEFDC30-E5AE-4583-8523-E920F0066278}.Release|x64.ActiveCfg = Release|Any CPU
		{DAEFDC30-E5AE-4583-8523-E920F0066278}.Release|x64.Build.0 = Release|Any CPU
		{DAEFDC30-E5AE-4583-8523-E920F0066278}.Release|x86.ActiveCfg = Release|Any CPU
		{DAEFDC30-E5AE-4583-8523-E920F0066278}.Release|x86.Build.0 = Release|Any CPU
		{0F01C76F-33C8-4F56-BD1E-01419615BEA0}.Debug|Any CPU.ActiveCfg = Debug|Any CPU
		{0F01C76F-33C8-4F56-BD1E-01419615BEA0}.Debug|Any CPU.Build.0 = Debug|Any CPU
		{0F01C76F-33C8-4F56-BD1E-01419615BEA0}.Debug|x64.ActiveCfg = Debug|Any CPU
		{0F01C76F-33C8-4F56-BD1E-01419615BEA0}.Debug|x64.Build.0 = Debug|Any CPU
		{0F01C76F-33C8-4F56-BD1E-01419615BEA0}.Debug|x86.ActiveCfg = Debug|Any CPU
		{0F01C76F-33C8-4F56-BD1E-01419615BEA0}.Debug|x86.Build.0 = Debug|Any CPU
		{0F01C76F-33C8-4F56-BD1E-01419615BEA0}.Release|Any CPU.ActiveCfg = Release|Any CPU
		{0F01C76F-33C8-4F56-BD1E-01419615BEA0}.Release|Any CPU.Build.0 = Release|Any CPU
		{0F01C76F-33C8-4F56-BD1E-01419615BEA0}.Release|x64.ActiveCfg = Release|Any CPU
		{0F01C76F-33C8-4F56-BD1E-01419615BEA0}.Release|x64.Build.0 = Release|Any CPU
		{0F01C76F-33C8-4F56-BD1E-01419615BEA0}.Release|x86.ActiveCfg = Release|Any CPU
		{0F01C76F-33C8-4F56-BD1E-01419615BEA0}.Release|x86.Build.0 = Release|Any CPU
		{BD501822-DB31-4CC3-9D8B-8AB3EB1569AD}.Debug|Any CPU.ActiveCfg = Debug|Any CPU
		{BD501822-DB31-4CC3-9D8B-8AB3EB1569AD}.Debug|Any CPU.Build.0 = Debug|Any CPU
		{BD501822-DB31-4CC3-9D8B-8AB3EB1569AD}.Debug|x64.ActiveCfg = Debug|Any CPU
		{BD501822-DB31-4CC3-9D8B-8AB3EB1569AD}.Debug|x64.Build.0 = Debug|Any CPU
		{BD501822-DB31-4CC3-9D8B-8AB3EB1569AD}.Debug|x86.ActiveCfg = Debug|Any CPU
		{BD501822-DB31-4CC3-9D8B-8AB3EB1569AD}.Debug|x86.Build.0 = Debug|Any CPU
		{BD501822-DB31-4CC3-9D8B-8AB3EB1569AD}.Release|Any CPU.ActiveCfg = Release|Any CPU
		{BD501822-DB31-4CC3-9D8B-8AB3EB1569AD}.Release|Any CPU.Build.0 = Release|Any CPU
		{BD501822-DB31-4CC3-9D8B-8AB3EB1569AD}.Release|x64.ActiveCfg = Release|Any CPU
		{BD501822-DB31-4CC3-9D8B-8AB3EB1569AD}.Release|x64.Build.0 = Release|Any CPU
		{BD501822-DB31-4CC3-9D8B-8AB3EB1569AD}.Release|x86.ActiveCfg = Release|Any CPU
		{BD501822-DB31-4CC3-9D8B-8AB3EB1569AD}.Release|x86.Build.0 = Release|Any CPU
		{8802DC8E-3DE9-416F-AF26-A7C5AFAEB8F4}.Debug|Any CPU.ActiveCfg = Debug|Any CPU
		{8802DC8E-3DE9-416F-AF26-A7C5AFAEB8F4}.Debug|Any CPU.Build.0 = Debug|Any CPU
		{8802DC8E-3DE9-416F-AF26-A7C5AFAEB8F4}.Debug|x64.ActiveCfg = Debug|Any CPU
		{8802DC8E-3DE9-416F-AF26-A7C5AFAEB8F4}.Debug|x64.Build.0 = Debug|Any CPU
		{8802DC8E-3DE9-416F-AF26-A7C5AFAEB8F4}.Debug|x86.ActiveCfg = Debug|Any CPU
		{8802DC8E-3DE9-416F-AF26-A7C5AFAEB8F4}.Debug|x86.Build.0 = Debug|Any CPU
		{8802DC8E-3DE9-416F-AF26-A7C5AFAEB8F4}.Release|Any CPU.ActiveCfg = Release|Any CPU
		{8802DC8E-3DE9-416F-AF26-A7C5AFAEB8F4}.Release|Any CPU.Build.0 = Release|Any CPU
		{8802DC8E-3DE9-416F-AF26-A7C5AFAEB8F4}.Release|x64.ActiveCfg = Release|Any CPU
		{8802DC8E-3DE9-416F-AF26-A7C5AFAEB8F4}.Release|x64.Build.0 = Release|Any CPU
		{8802DC8E-3DE9-416F-AF26-A7C5AFAEB8F4}.Release|x86.ActiveCfg = Release|Any CPU
		{8802DC8E-3DE9-416F-AF26-A7C5AFAEB8F4}.Release|x86.Build.0 = Release|Any CPU
		{F987EC0E-B933-4233-BE10-84A983ACCBE0}.Debug|Any CPU.ActiveCfg = Debug|Any CPU
		{F987EC0E-B933-4233-BE10-84A983ACCBE0}.Debug|Any CPU.Build.0 = Debug|Any CPU
		{F987EC0E-B933-4233-BE10-84A983ACCBE0}.Debug|x64.ActiveCfg = Debug|Any CPU
		{F987EC0E-B933-4233-BE10-84A983ACCBE0}.Debug|x64.Build.0 = Debug|Any CPU
		{F987EC0E-B933-4233-BE10-84A983ACCBE0}.Debug|x86.ActiveCfg = Debug|Any CPU
		{F987EC0E-B933-4233-BE10-84A983ACCBE0}.Debug|x86.Build.0 = Debug|Any CPU
		{F987EC0E-B933-4233-BE10-84A983ACCBE0}.Release|Any CPU.ActiveCfg = Release|Any CPU
		{F987EC0E-B933-4233-BE10-84A983ACCBE0}.Release|Any CPU.Build.0 = Release|Any CPU
		{F987EC0E-B933-4233-BE10-84A983ACCBE0}.Release|x64.ActiveCfg = Release|Any CPU
		{F987EC0E-B933-4233-BE10-84A983ACCBE0}.Release|x64.Build.0 = Release|Any CPU
		{F987EC0E-B933-4233-BE10-84A983ACCBE0}.Release|x86.ActiveCfg = Release|Any CPU
		{F987EC0E-B933-4233-BE10-84A983ACCBE0}.Release|x86.Build.0 = Release|Any CPU
		{E6504761-6A80-4D75-A90D-6AA2EFA8073E}.Debug|Any CPU.ActiveCfg = Debug|Any CPU
		{E6504761-6A80-4D75-A90D-6AA2EFA8073E}.Debug|Any CPU.Build.0 = Debug|Any CPU
		{E6504761-6A80-4D75-A90D-6AA2EFA8073E}.Debug|x64.ActiveCfg = Debug|Any CPU
		{E6504761-6A80-4D75-A90D-6AA2EFA8073E}.Debug|x64.Build.0 = Debug|Any CPU
		{E6504761-6A80-4D75-A90D-6AA2EFA8073E}.Debug|x86.ActiveCfg = Debug|Any CPU
		{E6504761-6A80-4D75-A90D-6AA2EFA8073E}.Debug|x86.Build.0 = Debug|Any CPU
		{E6504761-6A80-4D75-A90D-6AA2EFA8073E}.Release|Any CPU.ActiveCfg = Release|Any CPU
		{E6504761-6A80-4D75-A90D-6AA2EFA8073E}.Release|Any CPU.Build.0 = Release|Any CPU
		{E6504761-6A80-4D75-A90D-6AA2EFA8073E}.Release|x64.ActiveCfg = Release|Any CPU
		{E6504761-6A80-4D75-A90D-6AA2EFA8073E}.Release|x64.Build.0 = Release|Any CPU
		{E6504761-6A80-4D75-A90D-6AA2EFA8073E}.Release|x86.ActiveCfg = Release|Any CPU
		{E6504761-6A80-4D75-A90D-6AA2EFA8073E}.Release|x86.Build.0 = Release|Any CPU
		{BC7DF8F5-417C-4610-B7EB-A4FB729C97DB}.Debug|Any CPU.ActiveCfg = Debug|Any CPU
		{BC7DF8F5-417C-4610-B7EB-A4FB729C97DB}.Debug|Any CPU.Build.0 = Debug|Any CPU
		{BC7DF8F5-417C-4610-B7EB-A4FB729C97DB}.Debug|x64.ActiveCfg = Debug|Any CPU
		{BC7DF8F5-417C-4610-B7EB-A4FB729C97DB}.Debug|x64.Build.0 = Debug|Any CPU
		{BC7DF8F5-417C-4610-B7EB-A4FB729C97DB}.Debug|x86.ActiveCfg = Debug|Any CPU
		{BC7DF8F5-417C-4610-B7EB-A4FB729C97DB}.Debug|x86.Build.0 = Debug|Any CPU
		{BC7DF8F5-417C-4610-B7EB-A4FB729C97DB}.Release|Any CPU.ActiveCfg = Release|Any CPU
		{BC7DF8F5-417C-4610-B7EB-A4FB729C97DB}.Release|Any CPU.Build.0 = Release|Any CPU
		{BC7DF8F5-417C-4610-B7EB-A4FB729C97DB}.Release|x64.ActiveCfg = Release|Any CPU
		{BC7DF8F5-417C-4610-B7EB-A4FB729C97DB}.Release|x64.Build.0 = Release|Any CPU
		{BC7DF8F5-417C-4610-B7EB-A4FB729C97DB}.Release|x86.ActiveCfg = Release|Any CPU
		{BC7DF8F5-417C-4610-B7EB-A4FB729C97DB}.Release|x86.Build.0 = Release|Any CPU
		{84780EF0-DDF7-4A4C-9EF3-34180E2950A7}.Debug|Any CPU.ActiveCfg = Debug|Any CPU
		{84780EF0-DDF7-4A4C-9EF3-34180E2950A7}.Debug|Any CPU.Build.0 = Debug|Any CPU
		{84780EF0-DDF7-4A4C-9EF3-34180E2950A7}.Debug|x64.ActiveCfg = Debug|Any CPU
		{84780EF0-DDF7-4A4C-9EF3-34180E2950A7}.Debug|x64.Build.0 = Debug|Any CPU
		{84780EF0-DDF7-4A4C-9EF3-34180E2950A7}.Debug|x86.ActiveCfg = Debug|Any CPU
		{84780EF0-DDF7-4A4C-9EF3-34180E2950A7}.Debug|x86.Build.0 = Debug|Any CPU
		{84780EF0-DDF7-4A4C-9EF3-34180E2950A7}.Release|Any CPU.ActiveCfg = Release|Any CPU
		{84780EF0-DDF7-4A4C-9EF3-34180E2950A7}.Release|Any CPU.Build.0 = Release|Any CPU
		{84780EF0-DDF7-4A4C-9EF3-34180E2950A7}.Release|x64.ActiveCfg = Release|Any CPU
		{84780EF0-DDF7-4A4C-9EF3-34180E2950A7}.Release|x64.Build.0 = Release|Any CPU
		{84780EF0-DDF7-4A4C-9EF3-34180E2950A7}.Release|x86.ActiveCfg = Release|Any CPU
		{84780EF0-DDF7-4A4C-9EF3-34180E2950A7}.Release|x86.Build.0 = Release|Any CPU
		{760FFAF3-7D9A-4583-B14A-60688ADDB46A}.Debug|Any CPU.ActiveCfg = Debug|Any CPU
		{760FFAF3-7D9A-4583-B14A-60688ADDB46A}.Debug|Any CPU.Build.0 = Debug|Any CPU
		{760FFAF3-7D9A-4583-B14A-60688ADDB46A}.Debug|x64.ActiveCfg = Debug|Any CPU
		{760FFAF3-7D9A-4583-B14A-60688ADDB46A}.Debug|x64.Build.0 = Debug|Any CPU
		{760FFAF3-7D9A-4583-B14A-60688ADDB46A}.Debug|x86.ActiveCfg = Debug|Any CPU
		{760FFAF3-7D9A-4583-B14A-60688ADDB46A}.Debug|x86.Build.0 = Debug|Any CPU
		{760FFAF3-7D9A-4583-B14A-60688ADDB46A}.Release|Any CPU.ActiveCfg = Release|Any CPU
		{760FFAF3-7D9A-4583-B14A-60688ADDB46A}.Release|Any CPU.Build.0 = Release|Any CPU
		{760FFAF3-7D9A-4583-B14A-60688ADDB46A}.Release|x64.ActiveCfg = Release|Any CPU
		{760FFAF3-7D9A-4583-B14A-60688ADDB46A}.Release|x64.Build.0 = Release|Any CPU
		{760FFAF3-7D9A-4583-B14A-60688ADDB46A}.Release|x86.ActiveCfg = Release|Any CPU
		{760FFAF3-7D9A-4583-B14A-60688ADDB46A}.Release|x86.Build.0 = Release|Any CPU
		{7784E02C-C8C8-44C4-8917-B6F6AF14F445}.Debug|Any CPU.ActiveCfg = Debug|Any CPU
		{7784E02C-C8C8-44C4-8917-B6F6AF14F445}.Debug|Any CPU.Build.0 = Debug|Any CPU
		{7784E02C-C8C8-44C4-8917-B6F6AF14F445}.Debug|x64.ActiveCfg = Debug|Any CPU
		{7784E02C-C8C8-44C4-8917-B6F6AF14F445}.Debug|x64.Build.0 = Debug|Any CPU
		{7784E02C-C8C8-44C4-8917-B6F6AF14F445}.Debug|x86.ActiveCfg = Debug|Any CPU
		{7784E02C-C8C8-44C4-8917-B6F6AF14F445}.Debug|x86.Build.0 = Debug|Any CPU
		{7784E02C-C8C8-44C4-8917-B6F6AF14F445}.Release|Any CPU.ActiveCfg = Release|Any CPU
		{7784E02C-C8C8-44C4-8917-B6F6AF14F445}.Release|Any CPU.Build.0 = Release|Any CPU
		{7784E02C-C8C8-44C4-8917-B6F6AF14F445}.Release|x64.ActiveCfg = Release|Any CPU
		{7784E02C-C8C8-44C4-8917-B6F6AF14F445}.Release|x64.Build.0 = Release|Any CPU
		{7784E02C-C8C8-44C4-8917-B6F6AF14F445}.Release|x86.ActiveCfg = Release|Any CPU
		{7784E02C-C8C8-44C4-8917-B6F6AF14F445}.Release|x86.Build.0 = Release|Any CPU
	EndGlobalSection
	GlobalSection(SolutionProperties) = preSolution
		HideSolutionNode = FALSE
	EndGlobalSection
	GlobalSection(NestedProjects) = preSolution
		{893C3FC0-2EB6-45C8-9647-232FB4FB4E06} = {827E0CD3-B72D-47B6-A68D-7590B98EB39B}
		{DCC16260-7209-4E6E-9817-2B0EE3235083} = {827E0CD3-B72D-47B6-A68D-7590B98EB39B}
		{DAEFDC30-E5AE-4583-8523-E920F0066278} = {827E0CD3-B72D-47B6-A68D-7590B98EB39B}
		{0F01C76F-33C8-4F56-BD1E-01419615BEA0} = {827E0CD3-B72D-47B6-A68D-7590B98EB39B}
		{BD501822-DB31-4CC3-9D8B-8AB3EB1569AD} = {0AB3BF05-4346-4AA6-1389-037BE0695223}
		{8802DC8E-3DE9-416F-AF26-A7C5AFAEB8F4} = {0AB3BF05-4346-4AA6-1389-037BE0695223}
		{F987EC0E-B933-4233-BE10-84A983ACCBE0} = {827E0CD3-B72D-47B6-A68D-7590B98EB39B}
		{E6504761-6A80-4D75-A90D-6AA2EFA8073E} = {0AB3BF05-4346-4AA6-1389-037BE0695223}
		{BC7DF8F5-417C-4610-B7EB-A4FB729C97DB} = {827E0CD3-B72D-47B6-A68D-7590B98EB39B}
		{84780EF0-DDF7-4A4C-9EF3-34180E2950A7} = {0AB3BF05-4346-4AA6-1389-037BE0695223}
		{760FFAF3-7D9A-4583-B14A-60688ADDB46A} = {0AB3BF05-4346-4AA6-1389-037BE0695223}
		{7784E02C-C8C8-44C4-8917-B6F6AF14F445} = {827E0CD3-B72D-47B6-A68D-7590B98EB39B}
	EndGlobalSection
EndGlobal
